
Microsoft Visual Studio Solution File, Format Version 12.00
# Visual Studio Version 16
VisualStudioVersion = 16.0.31129.286
MinimumVisualStudioVersion = 10.0.40219.1
Project("{FAE04EC0-301F-11D3-BF4B-00C04F79EFBC}") = "GeometricAlgebraNumericsLib", "GeometricAlgebraNumericsLib\GeometricAlgebraNumericsLib.csproj", "{7A238242-E81A-4E48-9071-7CF61EB6C475}"
EndProject
Project("{9A19103F-16F7-4668-BE54-9A1E7A4F7556}") = "DataStructuresLib", "..\DataStructuresLib\DataStructuresLib\DataStructuresLib.csproj", "{998F638C-6A96-4E83-AA1E-F3EABA4DB867}"
EndProject
Project("{9A19103F-16F7-4668-BE54-9A1E7A4F7556}") = "TextComposerLib", "..\TextComposerLib\TextComposerLib\TextComposerLib.csproj", "{383E9975-D79A-48B6-80BD-629598C9C065}"
EndProject
Project("{9A19103F-16F7-4668-BE54-9A1E7A4F7556}") = "CodeComposerLib", "..\CodeComposerLib\CodeComposerLib\CodeComposerLib.csproj", "{4D20AE2E-1466-4128-B9B9-8E0326FE3BE2}"
EndProject
Project("{FAE04EC0-301F-11D3-BF4B-00C04F79EFBC}") = "GeometricAlgebraNumericsLib.Samples", "GeometricAlgebraNumericsLib.Samples\GeometricAlgebraNumericsLib.Samples.csproj", "{1D1A71FE-82C3-4009-B087-8CBD98FB156C}"
EndProject
Project("{FAE04EC0-301F-11D3-BF4B-00C04F79EFBC}") = "GeometricAlgebraNumericsLib.UnitTests", "GeometricAlgebraNumericsLib.UnitTests\GeometricAlgebraNumericsLib.UnitTests.csproj", "{916ED71C-592A-4B3D-919D-D7BA34D2972A}"
EndProject
Project("{9A19103F-16F7-4668-BE54-9A1E7A4F7556}") = "GeometricAlgebraStructuresLib", "..\GeometricAlgebraStructuresLib\GeometricAlgebraStructuresLib\GeometricAlgebraStructuresLib.csproj", "{7FD1A482-7C63-42F2-83E5-4A2B9D3A7E58}"
EndProject
Global
	GlobalSection(SolutionConfigurationPlatforms) = preSolution
		Debug|Any CPU = Debug|Any CPU
		Debug|x64 = Debug|x64
		Release|Any CPU = Release|Any CPU
		Release|x64 = Release|x64
	EndGlobalSection
	GlobalSection(ProjectConfigurationPlatforms) = postSolution
		{7A238242-E81A-4E48-9071-7CF61EB6C475}.Debug|Any CPU.ActiveCfg = Debug|Any CPU
		{7A238242-E81A-4E48-9071-7CF61EB6C475}.Debug|Any CPU.Build.0 = Debug|Any CPU
		{7A238242-E81A-4E48-9071-7CF61EB6C475}.Debug|x64.ActiveCfg = Debug|x64
		{7A238242-E81A-4E48-9071-7CF61EB6C475}.Debug|x64.Build.0 = Debug|x64
		{7A238242-E81A-4E48-9071-7CF61EB6C475}.Release|Any CPU.ActiveCfg = Release|Any CPU
		{7A238242-E81A-4E48-9071-7CF61EB6C475}.Release|Any CPU.Build.0 = Release|Any CPU
		{7A238242-E81A-4E48-9071-7CF61EB6C475}.Release|x64.ActiveCfg = Release|x64
		{7A238242-E81A-4E48-9071-7CF61EB6C475}.Release|x64.Build.0 = Release|x64
		{998F638C-6A96-4E83-AA1E-F3EABA4DB867}.Debug|Any CPU.ActiveCfg = Debug|Any CPU
		{998F638C-6A96-4E83-AA1E-F3EABA4DB867}.Debug|Any CPU.Build.0 = Debug|Any CPU
		{998F638C-6A96-4E83-AA1E-F3EABA4DB867}.Debug|x64.ActiveCfg = Debug|x64
		{998F638C-6A96-4E83-AA1E-F3EABA4DB867}.Debug|x64.Build.0 = Debug|x64
		{998F638C-6A96-4E83-AA1E-F3EABA4DB867}.Release|Any CPU.ActiveCfg = Release|Any CPU
		{998F638C-6A96-4E83-AA1E-F3EABA4DB867}.Release|Any CPU.Build.0 = Release|Any CPU
		{998F638C-6A96-4E83-AA1E-F3EABA4DB867}.Release|x64.ActiveCfg = Release|x64
		{998F638C-6A96-4E83-AA1E-F3EABA4DB867}.Release|x64.Build.0 = Release|x64
		{383E9975-D79A-48B6-80BD-629598C9C065}.Debug|Any CPU.ActiveCfg = Debug|Any CPU
		{383E9975-D79A-48B6-80BD-629598C9C065}.Debug|Any CPU.Build.0 = Debug|Any CPU
		{383E9975-D79A-48B6-80BD-629598C9C065}.Debug|x64.ActiveCfg = Debug|x64
		{383E9975-D79A-48B6-80BD-629598C9C065}.Debug|x64.Build.0 = Debug|x64
		{383E9975-D79A-48B6-80BD-629598C9C065}.Release|Any CPU.ActiveCfg = Release|Any CPU
		{383E9975-D79A-48B6-80BD-629598C9C065}.Release|Any CPU.Build.0 = Release|Any CPU
		{383E9975-D79A-48B6-80BD-629598C9C065}.Release|x64.ActiveCfg = Release|x64
		{383E9975-D79A-48B6-80BD-629598C9C065}.Release|x64.Build.0 = Release|x64
		{4D20AE2E-1466-4128-B9B9-8E0326FE3BE2}.Debug|Any CPU.ActiveCfg = Debug|Any CPU
		{4D20AE2E-1466-4128-B9B9-8E0326FE3BE2}.Debug|Any CPU.Build.0 = Debug|Any CPU
		{4D20AE2E-1466-4128-B9B9-8E0326FE3BE2}.Debug|x64.ActiveCfg = Debug|x64
		{4D20AE2E-1466-4128-B9B9-8E0326FE3BE2}.Debug|x64.Build.0 = Debug|x64
		{4D20AE2E-1466-4128-B9B9-8E0326FE3BE2}.Release|Any CPU.ActiveCfg = Release|Any CPU
		{4D20AE2E-1466-4128-B9B9-8E0326FE3BE2}.Release|Any CPU.Build.0 = Release|Any CPU
		{4D20AE2E-1466-4128-B9B9-8E0326FE3BE2}.Release|x64.ActiveCfg = Release|x64
		{4D20AE2E-1466-4128-B9B9-8E0326FE3BE2}.Release|x64.Build.0 = Release|x64
		{1D1A71FE-82C3-4009-B087-8CBD98FB156C}.Debug|Any CPU.ActiveCfg = Debug|Any CPU
		{1D1A71FE-82C3-4009-B087-8CBD98FB156C}.Debug|Any CPU.Build.0 = Debug|Any CPU
		{1D1A71FE-82C3-4009-B087-8CBD98FB156C}.Debug|x64.ActiveCfg = Debug|Any CPU
		{1D1A71FE-82C3-4009-B087-8CBD98FB156C}.Debug|x64.Build.0 = Debug|Any CPU
		{1D1A71FE-82C3-4009-B087-8CBD98FB156C}.Release|Any CPU.ActiveCfg = Release|Any CPU
		{1D1A71FE-82C3-4009-B087-8CBD98FB156C}.Release|Any CPU.Build.0 = Release|Any CPU
		{1D1A71FE-82C3-4009-B087-8CBD98FB156C}.Release|x64.ActiveCfg = Release|Any CPU
		{1D1A71FE-82C3-4009-B087-8CBD98FB156C}.Release|x64.Build.0 = Release|Any CPU
		{916ED71C-592A-4B3D-919D-D7BA34D2972A}.Debug|Any CPU.ActiveCfg = Debug|Any CPU
		{916ED71C-592A-4B3D-919D-D7BA34D2972A}.Debug|Any CPU.Build.0 = Debug|Any CPU
		{916ED71C-592A-4B3D-919D-D7BA34D2972A}.Debug|x64.ActiveCfg = Debug|Any CPU
		{916ED71C-592A-4B3D-919D-D7BA34D2972A}.Debug|x64.Build.0 = Debug|Any CPU
		{916ED71C-592A-4B3D-919D-D7BA34D2972A}.Release|Any CPU.ActiveCfg = Release|Any CPU
		{916ED71C-592A-4B3D-919D-D7BA34D2972A}.Release|Any CPU.Build.0 = Release|Any CPU
		{916ED71C-592A-4B3D-919D-D7BA34D2972A}.Release|x64.ActiveCfg = Release|Any CPU
		{916ED71C-592A-4B3D-919D-D7BA34D2972A}.Release|x64.Build.0 = Release|Any CPU
		{7FD1A482-7C63-42F2-83E5-4A2B9D3A7E58}.Debug|Any CPU.ActiveCfg = Debug|Any CPU
		{7FD1A482-7C63-42F2-83E5-4A2B9D3A7E58}.Debug|Any CPU.Build.0 = Debug|Any CPU
		{7FD1A482-7C63-42F2-83E5-4A2B9D3A7E58}.Debug|x64.ActiveCfg = Debug|Any CPU
		{7FD1A482-7C63-42F2-83E5-4A2B9D3A7E58}.Debug|x64.Build.0 = Debug|Any CPU
		{7FD1A482-7C63-42F2-83E5-4A2B9D3A7E58}.Release|Any CPU.ActiveCfg = Release|Any CPU
		{7FD1A482-7C63-42F2-83E5-4A2B9D3A7E58}.Release|Any CPU.Build.0 = Release|Any CPU
		{7FD1A482-7C63-42F2-83E5-4A2B9D3A7E58}.Release|x64.ActiveCfg = Release|Any CPU
		{7FD1A482-7C63-42F2-83E5-4A2B9D3A7E58}.Release|x64.Build.0 = Release|Any CPU
	EndGlobalSection
	GlobalSection(SolutionProperties) = preSolution
		HideSolutionNode = FALSE
	EndGlobalSection
	GlobalSection(ExtensibilityGlobals) = postSolution
		SolutionGuid = {0E431A69-5561-4E8E-AC38-8F26F7E557F1}
	EndGlobalSection
EndGlobal
