
Microsoft Visual Studio Solution File, Format Version 12.00
# Visual Studio Version 16
VisualStudioVersion = 16.0.28922.388
MinimumVisualStudioVersion = 10.0.40219.1
Project("{FAE04EC0-301F-11D3-BF4B-00C04F79EFBC}") = "GMac", "GMac\GMac.csproj", "{8943D17A-189F-4CE2-960A-430755F0435B}"
EndProject
Project("{FAE04EC0-301F-11D3-BF4B-00C04F79EFBC}") = "GMacBenchmarks", "GMacBenchmarks\GMacBenchmarks.csproj", "{0D708EE0-4E76-4579-983B-36EC81DFB7CF}"
EndProject
Project("{FAE04EC0-301F-11D3-BF4B-00C04F79EFBC}") = "GeometricAlgebraSymbolicsLib", "GeometricAlgebraSymbolicsLib\GeometricAlgebraSymbolicsLib.csproj", "{08858423-589F-4E23-9EA5-72ECEDF3177B}"
EndProject
Project("{FAE04EC0-301F-11D3-BF4B-00C04F79EFBC}") = "TextComposerLib", "..\TextComposerLib\TextComposerLib\TextComposerLib.csproj", "{52B7A16F-E6C5-4DED-A4B8-9EA6751EAB1B}"
EndProject
Project("{FAE04EC0-301F-11D3-BF4B-00C04F79EFBC}") = "GeometryComposerLib", "..\GeometryComposerLib\GeometryComposerLib\GeometryComposerLib.csproj", "{8654325D-0259-4912-8071-66AF79A2DC23}"
EndProject
Project("{FAE04EC0-301F-11D3-BF4B-00C04F79EFBC}") = "DataStructuresLib", "..\DataStructuresLib\DataStructuresLib\DataStructuresLib.csproj", "{52834D87-7593-4E6E-A9B0-DBAEDE8CE6DA}"
EndProject
Project("{FAE04EC0-301F-11D3-BF4B-00C04F79EFBC}") = "CodeComposerLib", "..\CodeComposerLib\CodeComposerLib\CodeComposerLib.csproj", "{5B86340A-91E4-43F3-A454-C69674144A28}"
EndProject
Project("{FAE04EC0-301F-11D3-BF4B-00C04F79EFBC}") = "GMacProjects", "GMacProjects\GMacProjects.csproj", "{7C9B4554-4AB9-4305-ACCF-3E204DBDAA34}"
EndProject
Project("{FAE04EC0-301F-11D3-BF4B-00C04F79EFBC}") = "GeometricAlgebraNumericsLib", "..\GeometricAlgebraNumericsLib\GeometricAlgebraNumericsLib\GeometricAlgebraNumericsLib.csproj", "{75E86D69-A0BF-478E-B0B5-356776DA1B86}"
EndProject
Project("{FAE04EC0-301F-11D3-BF4B-00C04F79EFBC}") = "MultivectorsLibraryComposer", "MultivectorsLibraryComposer\MultivectorsLibraryComposer.csproj", "{7ABCDBA0-03A1-40B3-A75F-FBC21856FF45}"
EndProject
Project("{FAE04EC0-301F-11D3-BF4B-00C04F79EFBC}") = "GradedMultivectorsLibraryComposer", "GradedMultivectorsLibraryComposer\GradedMultivectorsLibraryComposer.csproj", "{DF3F0953-555E-4BAF-ACD6-4B82326F8836}"
EndProject
Project("{FAE04EC0-301F-11D3-BF4B-00C04F79EFBC}") = "GraphicsComposerLib", "..\GraphicsComposerLib\GraphicsComposerLib\GraphicsComposerLib.csproj", "{ACF030E2-D23A-4BAB-9306-A530D61075B8}"
EndProject
Global
	GlobalSection(SolutionConfigurationPlatforms) = preSolution
		Debug|Any CPU = Debug|Any CPU
		Debug|Mixed Platforms = Debug|Mixed Platforms
		Debug|x64 = Debug|x64
		Debug|x86 = Debug|x86
		Release|Any CPU = Release|Any CPU
		Release|Mixed Platforms = Release|Mixed Platforms
		Release|x64 = Release|x64
		Release|x86 = Release|x86
	EndGlobalSection
	GlobalSection(ProjectConfigurationPlatforms) = postSolution
		{8943D17A-189F-4CE2-960A-430755F0435B}.Debug|Any CPU.ActiveCfg = Debug|Any CPU
		{8943D17A-189F-4CE2-960A-430755F0435B}.Debug|Any CPU.Build.0 = Debug|Any CPU
		{8943D17A-189F-4CE2-960A-430755F0435B}.Debug|Mixed Platforms.ActiveCfg = Debug|Any CPU
		{8943D17A-189F-4CE2-960A-430755F0435B}.Debug|Mixed Platforms.Build.0 = Debug|Any CPU
		{8943D17A-189F-4CE2-960A-430755F0435B}.Debug|x64.ActiveCfg = Debug|x64
		{8943D17A-189F-4CE2-960A-430755F0435B}.Debug|x64.Build.0 = Debug|x64
		{8943D17A-189F-4CE2-960A-430755F0435B}.Debug|x86.ActiveCfg = Debug|Any CPU
		{8943D17A-189F-4CE2-960A-430755F0435B}.Release|Any CPU.ActiveCfg = Release|Any CPU
		{8943D17A-189F-4CE2-960A-430755F0435B}.Release|Any CPU.Build.0 = Release|Any CPU
		{8943D17A-189F-4CE2-960A-430755F0435B}.Release|Mixed Platforms.ActiveCfg = Release|Any CPU
		{8943D17A-189F-4CE2-960A-430755F0435B}.Release|Mixed Platforms.Build.0 = Release|Any CPU
		{8943D17A-189F-4CE2-960A-430755F0435B}.Release|x64.ActiveCfg = Release|x64
		{8943D17A-189F-4CE2-960A-430755F0435B}.Release|x64.Build.0 = Release|x64
		{8943D17A-189F-4CE2-960A-430755F0435B}.Release|x86.ActiveCfg = Release|Any CPU
		{0D708EE0-4E76-4579-983B-36EC81DFB7CF}.Debug|Any CPU.ActiveCfg = Debug|Any CPU
		{0D708EE0-4E76-4579-983B-36EC81DFB7CF}.Debug|Any CPU.Build.0 = Debug|Any CPU
		{0D708EE0-4E76-4579-983B-36EC81DFB7CF}.Debug|Mixed Platforms.ActiveCfg = Debug|Any CPU
		{0D708EE0-4E76-4579-983B-36EC81DFB7CF}.Debug|Mixed Platforms.Build.0 = Debug|Any CPU
		{0D708EE0-4E76-4579-983B-36EC81DFB7CF}.Debug|x64.ActiveCfg = Debug|x64
		{0D708EE0-4E76-4579-983B-36EC81DFB7CF}.Debug|x64.Build.0 = Debug|x64
		{0D708EE0-4E76-4579-983B-36EC81DFB7CF}.Debug|x86.ActiveCfg = Debug|Any CPU
		{0D708EE0-4E76-4579-983B-36EC81DFB7CF}.Debug|x86.Build.0 = Debug|Any CPU
		{0D708EE0-4E76-4579-983B-36EC81DFB7CF}.Release|Any CPU.ActiveCfg = Release|Any CPU
		{0D708EE0-4E76-4579-983B-36EC81DFB7CF}.Release|Any CPU.Build.0 = Release|Any CPU
		{0D708EE0-4E76-4579-983B-36EC81DFB7CF}.Release|Mixed Platforms.ActiveCfg = Release|Any CPU
		{0D708EE0-4E76-4579-983B-36EC81DFB7CF}.Release|Mixed Platforms.Build.0 = Release|Any CPU
		{0D708EE0-4E76-4579-983B-36EC81DFB7CF}.Release|x64.ActiveCfg = Release|x64
		{0D708EE0-4E76-4579-983B-36EC81DFB7CF}.Release|x64.Build.0 = Release|x64
		{0D708EE0-4E76-4579-983B-36EC81DFB7CF}.Release|x86.ActiveCfg = Release|Any CPU
		{0D708EE0-4E76-4579-983B-36EC81DFB7CF}.Release|x86.Build.0 = Release|Any CPU
		{08858423-589F-4E23-9EA5-72ECEDF3177B}.Debug|Any CPU.ActiveCfg = Debug|Any CPU
		{08858423-589F-4E23-9EA5-72ECEDF3177B}.Debug|Any CPU.Build.0 = Debug|Any CPU
		{08858423-589F-4E23-9EA5-72ECEDF3177B}.Debug|Mixed Platforms.ActiveCfg = Debug|Any CPU
		{08858423-589F-4E23-9EA5-72ECEDF3177B}.Debug|Mixed Platforms.Build.0 = Debug|Any CPU
		{08858423-589F-4E23-9EA5-72ECEDF3177B}.Debug|x64.ActiveCfg = Debug|x64
		{08858423-589F-4E23-9EA5-72ECEDF3177B}.Debug|x64.Build.0 = Debug|x64
		{08858423-589F-4E23-9EA5-72ECEDF3177B}.Debug|x86.ActiveCfg = Debug|Any CPU
		{08858423-589F-4E23-9EA5-72ECEDF3177B}.Debug|x86.Build.0 = Debug|Any CPU
		{08858423-589F-4E23-9EA5-72ECEDF3177B}.Release|Any CPU.ActiveCfg = Release|Any CPU
		{08858423-589F-4E23-9EA5-72ECEDF3177B}.Release|Any CPU.Build.0 = Release|Any CPU
		{08858423-589F-4E23-9EA5-72ECEDF3177B}.Release|Mixed Platforms.ActiveCfg = Release|Any CPU
		{08858423-589F-4E23-9EA5-72ECEDF3177B}.Release|Mixed Platforms.Build.0 = Release|Any CPU
		{08858423-589F-4E23-9EA5-72ECEDF3177B}.Release|x64.ActiveCfg = Release|x64
		{08858423-589F-4E23-9EA5-72ECEDF3177B}.Release|x64.Build.0 = Release|x64
		{08858423-589F-4E23-9EA5-72ECEDF3177B}.Release|x86.ActiveCfg = Release|Any CPU
		{08858423-589F-4E23-9EA5-72ECEDF3177B}.Release|x86.Build.0 = Release|Any CPU
		{52B7A16F-E6C5-4DED-A4B8-9EA6751EAB1B}.Debug|Any CPU.ActiveCfg = Debug|Any CPU
		{52B7A16F-E6C5-4DED-A4B8-9EA6751EAB1B}.Debug|Any CPU.Build.0 = Debug|Any CPU
		{52B7A16F-E6C5-4DED-A4B8-9EA6751EAB1B}.Debug|Mixed Platforms.ActiveCfg = Debug|Any CPU
		{52B7A16F-E6C5-4DED-A4B8-9EA6751EAB1B}.Debug|Mixed Platforms.Build.0 = Debug|Any CPU
		{52B7A16F-E6C5-4DED-A4B8-9EA6751EAB1B}.Debug|x64.ActiveCfg = Debug|x64
		{52B7A16F-E6C5-4DED-A4B8-9EA6751EAB1B}.Debug|x64.Build.0 = Debug|x64
		{52B7A16F-E6C5-4DED-A4B8-9EA6751EAB1B}.Debug|x86.ActiveCfg = Debug|Any CPU
		{52B7A16F-E6C5-4DED-A4B8-9EA6751EAB1B}.Debug|x86.Build.0 = Debug|Any CPU
		{52B7A16F-E6C5-4DED-A4B8-9EA6751EAB1B}.Release|Any CPU.ActiveCfg = Release|Any CPU
		{52B7A16F-E6C5-4DED-A4B8-9EA6751EAB1B}.Release|Any CPU.Build.0 = Release|Any CPU
		{52B7A16F-E6C5-4DED-A4B8-9EA6751EAB1B}.Release|Mixed Platforms.ActiveCfg = Release|Any CPU
		{52B7A16F-E6C5-4DED-A4B8-9EA6751EAB1B}.Release|Mixed Platforms.Build.0 = Release|Any CPU
		{52B7A16F-E6C5-4DED-A4B8-9EA6751EAB1B}.Release|x64.ActiveCfg = Release|x64
		{52B7A16F-E6C5-4DED-A4B8-9EA6751EAB1B}.Release|x64.Build.0 = Release|x64
		{52B7A16F-E6C5-4DED-A4B8-9EA6751EAB1B}.Release|x86.ActiveCfg = Release|Any CPU
		{52B7A16F-E6C5-4DED-A4B8-9EA6751EAB1B}.Release|x86.Build.0 = Release|Any CPU
		{8654325D-0259-4912-8071-66AF79A2DC23}.Debug|Any CPU.ActiveCfg = Debug|Any CPU
		{8654325D-0259-4912-8071-66AF79A2DC23}.Debug|Any CPU.Build.0 = Debug|Any CPU
		{8654325D-0259-4912-8071-66AF79A2DC23}.Debug|Mixed Platforms.ActiveCfg = Debug|Any CPU
		{8654325D-0259-4912-8071-66AF79A2DC23}.Debug|Mixed Platforms.Build.0 = Debug|Any CPU
		{8654325D-0259-4912-8071-66AF79A2DC23}.Debug|x64.ActiveCfg = Debug|x64
		{8654325D-0259-4912-8071-66AF79A2DC23}.Debug|x64.Build.0 = Debug|x64
		{8654325D-0259-4912-8071-66AF79A2DC23}.Debug|x86.ActiveCfg = Debug|Any CPU
		{8654325D-0259-4912-8071-66AF79A2DC23}.Debug|x86.Build.0 = Debug|Any CPU
		{8654325D-0259-4912-8071-66AF79A2DC23}.Release|Any CPU.ActiveCfg = Release|Any CPU
		{8654325D-0259-4912-8071-66AF79A2DC23}.Release|Any CPU.Build.0 = Release|Any CPU
		{8654325D-0259-4912-8071-66AF79A2DC23}.Release|Mixed Platforms.ActiveCfg = Release|Any CPU
		{8654325D-0259-4912-8071-66AF79A2DC23}.Release|Mixed Platforms.Build.0 = Release|Any CPU
		{8654325D-0259-4912-8071-66AF79A2DC23}.Release|x64.ActiveCfg = Release|x64
		{8654325D-0259-4912-8071-66AF79A2DC23}.Release|x64.Build.0 = Release|x64
		{8654325D-0259-4912-8071-66AF79A2DC23}.Release|x86.ActiveCfg = Release|Any CPU
		{8654325D-0259-4912-8071-66AF79A2DC23}.Release|x86.Build.0 = Release|Any CPU
		{52834D87-7593-4E6E-A9B0-DBAEDE8CE6DA}.Debug|Any CPU.ActiveCfg = Debug|Any CPU
		{52834D87-7593-4E6E-A9B0-DBAEDE8CE6DA}.Debug|Any CPU.Build.0 = Debug|Any CPU
		{52834D87-7593-4E6E-A9B0-DBAEDE8CE6DA}.Debug|Mixed Platforms.ActiveCfg = Debug|Any CPU
		{52834D87-7593-4E6E-A9B0-DBAEDE8CE6DA}.Debug|Mixed Platforms.Build.0 = Debug|Any CPU
		{52834D87-7593-4E6E-A9B0-DBAEDE8CE6DA}.Debug|x64.ActiveCfg = Debug|x64
		{52834D87-7593-4E6E-A9B0-DBAEDE8CE6DA}.Debug|x64.Build.0 = Debug|x64
		{52834D87-7593-4E6E-A9B0-DBAEDE8CE6DA}.Debug|x86.ActiveCfg = Debug|Any CPU
		{52834D87-7593-4E6E-A9B0-DBAEDE8CE6DA}.Debug|x86.Build.0 = Debug|Any CPU
		{52834D87-7593-4E6E-A9B0-DBAEDE8CE6DA}.Release|Any CPU.ActiveCfg = Release|Any CPU
		{52834D87-7593-4E6E-A9B0-DBAEDE8CE6DA}.Release|Any CPU.Build.0 = Release|Any CPU
		{52834D87-7593-4E6E-A9B0-DBAEDE8CE6DA}.Release|Mixed Platforms.ActiveCfg = Release|Any CPU
		{52834D87-7593-4E6E-A9B0-DBAEDE8CE6DA}.Release|Mixed Platforms.Build.0 = Release|Any CPU
		{52834D87-7593-4E6E-A9B0-DBAEDE8CE6DA}.Release|x64.ActiveCfg = Release|x64
		{52834D87-7593-4E6E-A9B0-DBAEDE8CE6DA}.Release|x64.Build.0 = Release|x64
		{52834D87-7593-4E6E-A9B0-DBAEDE8CE6DA}.Release|x86.ActiveCfg = Release|Any CPU
		{52834D87-7593-4E6E-A9B0-DBAEDE8CE6DA}.Release|x86.Build.0 = Release|Any CPU
		{5B86340A-91E4-43F3-A454-C69674144A28}.Debug|Any CPU.ActiveCfg = Debug|Any CPU
		{5B86340A-91E4-43F3-A454-C69674144A28}.Debug|Any CPU.Build.0 = Debug|Any CPU
		{5B86340A-91E4-43F3-A454-C69674144A28}.Debug|Mixed Platforms.ActiveCfg = Debug|Any CPU
		{5B86340A-91E4-43F3-A454-C69674144A28}.Debug|Mixed Platforms.Build.0 = Debug|Any CPU
		{5B86340A-91E4-43F3-A454-C69674144A28}.Debug|x64.ActiveCfg = Debug|x64
		{5B86340A-91E4-43F3-A454-C69674144A28}.Debug|x64.Build.0 = Debug|x64
		{5B86340A-91E4-43F3-A454-C69674144A28}.Debug|x86.ActiveCfg = Debug|Any CPU
		{5B86340A-91E4-43F3-A454-C69674144A28}.Debug|x86.Build.0 = Debug|Any CPU
		{5B86340A-91E4-43F3-A454-C69674144A28}.Release|Any CPU.ActiveCfg = Release|Any CPU
		{5B86340A-91E4-43F3-A454-C69674144A28}.Release|Any CPU.Build.0 = Release|Any CPU
		{5B86340A-91E4-43F3-A454-C69674144A28}.Release|Mixed Platforms.ActiveCfg = Release|Any CPU
		{5B86340A-91E4-43F3-A454-C69674144A28}.Release|Mixed Platforms.Build.0 = Release|Any CPU
		{5B86340A-91E4-43F3-A454-C69674144A28}.Release|x64.ActiveCfg = Release|x64
		{5B86340A-91E4-43F3-A454-C69674144A28}.Release|x64.Build.0 = Release|x64
		{5B86340A-91E4-43F3-A454-C69674144A28}.Release|x86.ActiveCfg = Release|Any CPU
		{5B86340A-91E4-43F3-A454-C69674144A28}.Release|x86.Build.0 = Release|Any CPU
		{7C9B4554-4AB9-4305-ACCF-3E204DBDAA34}.Debug|Any CPU.ActiveCfg = Debug|Any CPU
		{7C9B4554-4AB9-4305-ACCF-3E204DBDAA34}.Debug|Any CPU.Build.0 = Debug|Any CPU
		{7C9B4554-4AB9-4305-ACCF-3E204DBDAA34}.Debug|Mixed Platforms.ActiveCfg = Debug|Any CPU
		{7C9B4554-4AB9-4305-ACCF-3E204DBDAA34}.Debug|Mixed Platforms.Build.0 = Debug|Any CPU
		{7C9B4554-4AB9-4305-ACCF-3E204DBDAA34}.Debug|x64.ActiveCfg = Debug|x64
		{7C9B4554-4AB9-4305-ACCF-3E204DBDAA34}.Debug|x64.Build.0 = Debug|x64
		{7C9B4554-4AB9-4305-ACCF-3E204DBDAA34}.Debug|x86.ActiveCfg = Debug|Any CPU
		{7C9B4554-4AB9-4305-ACCF-3E204DBDAA34}.Debug|x86.Build.0 = Debug|Any CPU
		{7C9B4554-4AB9-4305-ACCF-3E204DBDAA34}.Release|Any CPU.ActiveCfg = Release|Any CPU
		{7C9B4554-4AB9-4305-ACCF-3E204DBDAA34}.Release|Any CPU.Build.0 = Release|Any CPU
		{7C9B4554-4AB9-4305-ACCF-3E204DBDAA34}.Release|Mixed Platforms.ActiveCfg = Release|Any CPU
		{7C9B4554-4AB9-4305-ACCF-3E204DBDAA34}.Release|Mixed Platforms.Build.0 = Release|Any CPU
		{7C9B4554-4AB9-4305-ACCF-3E204DBDAA34}.Release|x64.ActiveCfg = Release|x64
		{7C9B4554-4AB9-4305-ACCF-3E204DBDAA34}.Release|x64.Build.0 = Release|x64
		{7C9B4554-4AB9-4305-ACCF-3E204DBDAA34}.Release|x86.ActiveCfg = Release|Any CPU
		{7C9B4554-4AB9-4305-ACCF-3E204DBDAA34}.Release|x86.Build.0 = Release|Any CPU
		{75E86D69-A0BF-478E-B0B5-356776DA1B86}.Debug|Any CPU.ActiveCfg = Debug|Any CPU
		{75E86D69-A0BF-478E-B0B5-356776DA1B86}.Debug|Any CPU.Build.0 = Debug|Any CPU
		{75E86D69-A0BF-478E-B0B5-356776DA1B86}.Debug|Mixed Platforms.ActiveCfg = Debug|Any CPU
		{75E86D69-A0BF-478E-B0B5-356776DA1B86}.Debug|Mixed Platforms.Build.0 = Debug|Any CPU
		{75E86D69-A0BF-478E-B0B5-356776DA1B86}.Debug|x64.ActiveCfg = Debug|x64
		{75E86D69-A0BF-478E-B0B5-356776DA1B86}.Debug|x64.Build.0 = Debug|x64
		{75E86D69-A0BF-478E-B0B5-356776DA1B86}.Debug|x86.ActiveCfg = Debug|Any CPU
		{75E86D69-A0BF-478E-B0B5-356776DA1B86}.Debug|x86.Build.0 = Debug|Any CPU
		{75E86D69-A0BF-478E-B0B5-356776DA1B86}.Release|Any CPU.ActiveCfg = Release|Any CPU
		{75E86D69-A0BF-478E-B0B5-356776DA1B86}.Release|Any CPU.Build.0 = Release|Any CPU
		{75E86D69-A0BF-478E-B0B5-356776DA1B86}.Release|Mixed Platforms.ActiveCfg = Release|Any CPU
		{75E86D69-A0BF-478E-B0B5-356776DA1B86}.Release|Mixed Platforms.Build.0 = Release|Any CPU
		{75E86D69-A0BF-478E-B0B5-356776DA1B86}.Release|x64.ActiveCfg = Release|x64
		{75E86D69-A0BF-478E-B0B5-356776DA1B86}.Release|x64.Build.0 = Release|x64
		{75E86D69-A0BF-478E-B0B5-356776DA1B86}.Release|x86.ActiveCfg = Release|Any CPU
		{75E86D69-A0BF-478E-B0B5-356776DA1B86}.Release|x86.Build.0 = Release|Any CPU
		{7ABCDBA0-03A1-40B3-A75F-FBC21856FF45}.Debug|Any CPU.ActiveCfg = Debug|Any CPU
		{7ABCDBA0-03A1-40B3-A75F-FBC21856FF45}.Debug|Any CPU.Build.0 = Debug|Any CPU
		{7ABCDBA0-03A1-40B3-A75F-FBC21856FF45}.Debug|Mixed Platforms.ActiveCfg = Debug|Any CPU
		{7ABCDBA0-03A1-40B3-A75F-FBC21856FF45}.Debug|Mixed Platforms.Build.0 = Debug|Any CPU
		{7ABCDBA0-03A1-40B3-A75F-FBC21856FF45}.Debug|x64.ActiveCfg = Debug|x64
		{7ABCDBA0-03A1-40B3-A75F-FBC21856FF45}.Debug|x64.Build.0 = Debug|x64
		{7ABCDBA0-03A1-40B3-A75F-FBC21856FF45}.Debug|x86.ActiveCfg = Debug|Any CPU
		{7ABCDBA0-03A1-40B3-A75F-FBC21856FF45}.Debug|x86.Build.0 = Debug|Any CPU
		{7ABCDBA0-03A1-40B3-A75F-FBC21856FF45}.Release|Any CPU.ActiveCfg = Release|Any CPU
		{7ABCDBA0-03A1-40B3-A75F-FBC21856FF45}.Release|Any CPU.Build.0 = Release|Any CPU
		{7ABCDBA0-03A1-40B3-A75F-FBC21856FF45}.Release|Mixed Platforms.ActiveCfg = Release|Any CPU
		{7ABCDBA0-03A1-40B3-A75F-FBC21856FF45}.Release|Mixed Platforms.Build.0 = Release|Any CPU
		{7ABCDBA0-03A1-40B3-A75F-FBC21856FF45}.Release|x64.ActiveCfg = Release|x64
		{7ABCDBA0-03A1-40B3-A75F-FBC21856FF45}.Release|x64.Build.0 = Release|x64
		{7ABCDBA0-03A1-40B3-A75F-FBC21856FF45}.Release|x86.ActiveCfg = Release|Any CPU
		{7ABCDBA0-03A1-40B3-A75F-FBC21856FF45}.Release|x86.Build.0 = Release|Any CPU
		{DF3F0953-555E-4BAF-ACD6-4B82326F8836}.Debug|Any CPU.ActiveCfg = Debug|Any CPU
		{DF3F0953-555E-4BAF-ACD6-4B82326F8836}.Debug|Any CPU.Build.0 = Debug|Any CPU
		{DF3F0953-555E-4BAF-ACD6-4B82326F8836}.Debug|Mixed Platforms.ActiveCfg = Debug|Any CPU
		{DF3F0953-555E-4BAF-ACD6-4B82326F8836}.Debug|Mixed Platforms.Build.0 = Debug|Any CPU
		{DF3F0953-555E-4BAF-ACD6-4B82326F8836}.Debug|x64.ActiveCfg = Debug|x64
		{DF3F0953-555E-4BAF-ACD6-4B82326F8836}.Debug|x64.Build.0 = Debug|x64
		{DF3F0953-555E-4BAF-ACD6-4B82326F8836}.Debug|x86.ActiveCfg = Debug|Any CPU
		{DF3F0953-555E-4BAF-ACD6-4B82326F8836}.Debug|x86.Build.0 = Debug|Any CPU
		{DF3F0953-555E-4BAF-ACD6-4B82326F8836}.Release|Any CPU.ActiveCfg = Release|Any CPU
		{DF3F0953-555E-4BAF-ACD6-4B82326F8836}.Release|Any CPU.Build.0 = Release|Any CPU
		{DF3F0953-555E-4BAF-ACD6-4B82326F8836}.Release|Mixed Platforms.ActiveCfg = Release|Any CPU
		{DF3F0953-555E-4BAF-ACD6-4B82326F8836}.Release|Mixed Platforms.Build.0 = Release|Any CPU
		{DF3F0953-555E-4BAF-ACD6-4B82326F8836}.Release|x64.ActiveCfg = Release|x64
		{DF3F0953-555E-4BAF-ACD6-4B82326F8836}.Release|x64.Build.0 = Release|x64
		{DF3F0953-555E-4BAF-ACD6-4B82326F8836}.Release|x86.ActiveCfg = Release|Any CPU
		{DF3F0953-555E-4BAF-ACD6-4B82326F8836}.Release|x86.Build.0 = Release|Any CPU
		{ACF030E2-D23A-4BAB-9306-A530D61075B8}.Debug|Any CPU.ActiveCfg = Debug|Any CPU
		{ACF030E2-D23A-4BAB-9306-A530D61075B8}.Debug|Any CPU.Build.0 = Debug|Any CPU
		{ACF030E2-D23A-4BAB-9306-A530D61075B8}.Debug|Mixed Platforms.ActiveCfg = Debug|Any CPU
		{ACF030E2-D23A-4BAB-9306-A530D61075B8}.Debug|Mixed Platforms.Build.0 = Debug|Any CPU
		{ACF030E2-D23A-4BAB-9306-A530D61075B8}.Debug|x64.ActiveCfg = Debug|x64
		{ACF030E2-D23A-4BAB-9306-A530D61075B8}.Debug|x64.Build.0 = Debug|x64
		{ACF030E2-D23A-4BAB-9306-A530D61075B8}.Debug|x86.ActiveCfg = Debug|Any CPU
		{ACF030E2-D23A-4BAB-9306-A530D61075B8}.Debug|x86.Build.0 = Debug|Any CPU
		{ACF030E2-D23A-4BAB-9306-A530D61075B8}.Release|Any CPU.ActiveCfg = Release|Any CPU
		{ACF030E2-D23A-4BAB-9306-A530D61075B8}.Release|Any CPU.Build.0 = Release|Any CPU
		{ACF030E2-D23A-4BAB-9306-A530D61075B8}.Release|Mixed Platforms.ActiveCfg = Release|Any CPU
		{ACF030E2-D23A-4BAB-9306-A530D61075B8}.Release|Mixed Platforms.Build.0 = Release|Any CPU
		{ACF030E2-D23A-4BAB-9306-A530D61075B8}.Release|x64.ActiveCfg = Release|x64
		{ACF030E2-D23A-4BAB-9306-A530D61075B8}.Release|x64.Build.0 = Release|x64
		{ACF030E2-D23A-4BAB-9306-A530D61075B8}.Release|x86.ActiveCfg = Release|Any CPU
		{ACF030E2-D23A-4BAB-9306-A530D61075B8}.Release|x86.Build.0 = Release|Any CPU
	EndGlobalSection
	GlobalSection(SolutionProperties) = preSolution
		HideSolutionNode = FALSE
	EndGlobalSection
	GlobalSection(ExtensibilityGlobals) = postSolution
		SolutionGuid = {60FEED02-4B96-48BF-8354-02739F4F456F}
	EndGlobalSection
	GlobalSection(TestCaseManagementSettings) = postSolution
		CategoryFile = GMac.vsmdi
	EndGlobalSection
EndGlobal
