
Microsoft Visual Studio Solution File, Format Version 12.00
# Visual Studio Version 16
VisualStudioVersion = 16.0.31129.286
MinimumVisualStudioVersion = 10.0.40219.1
Project("{FAE04EC0-301F-11D3-BF4B-00C04F79EFBC}") = "GeometricAlgebraSymbolicsLib", "GeometricAlgebraSymbolicsLib\GeometricAlgebraSymbolicsLib.csproj", "{399EDA42-F19E-46EF-8FB2-B0129972255E}"
EndProject
Project("{9A19103F-16F7-4668-BE54-9A1E7A4F7556}") = "DataStructuresLib", "..\DataStructuresLib\DataStructuresLib\DataStructuresLib.csproj", "{D2E6A081-F284-4566-9B90-28420B7A90C5}"
EndProject
Project("{9A19103F-16F7-4668-BE54-9A1E7A4F7556}") = "TextComposerLib", "..\TextComposerLib\TextComposerLib\TextComposerLib.csproj", "{B846B3CD-26A5-45F0-BC7A-92C0289E736A}"
EndProject
Project("{9A19103F-16F7-4668-BE54-9A1E7A4F7556}") = "CodeComposerLib", "..\CodeComposerLib\CodeComposerLib\CodeComposerLib.csproj", "{11CEF78C-92F1-41DE-98AA-600F114A4963}"
EndProject
Project("{9A19103F-16F7-4668-BE54-9A1E7A4F7556}") = "GeometricAlgebraStructuresLib", "..\GeometricAlgebraStructuresLib\GeometricAlgebraStructuresLib\GeometricAlgebraStructuresLib.csproj", "{71E0D937-52FB-4449-8214-14C76EFEF801}"
EndProject
Project("{9A19103F-16F7-4668-BE54-9A1E7A4F7556}") = "GeometricAlgebraNumericsLib", "..\GeometricAlgebraNumericsLib\GeometricAlgebraNumericsLib\GeometricAlgebraNumericsLib.csproj", "{A16E4D14-9866-422E-8515-D46A4F78D6AA}"
EndProject
Project("{FAE04EC0-301F-11D3-BF4B-00C04F79EFBC}") = "GeometricAlgebraSymbolicsLib.Samples", "GeometricAlgebraSymbolicsLib.Samples\GeometricAlgebraSymbolicsLib.Samples.csproj", "{A9ECE75A-E3FD-454D-B864-96204DB9A057}"
EndProject
Global
	GlobalSection(SolutionConfigurationPlatforms) = preSolution
		Debug|Any CPU = Debug|Any CPU
		Debug|x64 = Debug|x64
		Release|Any CPU = Release|Any CPU
		Release|x64 = Release|x64
	EndGlobalSection
	GlobalSection(ProjectConfigurationPlatforms) = postSolution
		{399EDA42-F19E-46EF-8FB2-B0129972255E}.Debug|Any CPU.ActiveCfg = Debug|Any CPU
		{399EDA42-F19E-46EF-8FB2-B0129972255E}.Debug|Any CPU.Build.0 = Debug|Any CPU
		{399EDA42-F19E-46EF-8FB2-B0129972255E}.Debug|x64.ActiveCfg = Debug|x64
		{399EDA42-F19E-46EF-8FB2-B0129972255E}.Debug|x64.Build.0 = Debug|x64
		{399EDA42-F19E-46EF-8FB2-B0129972255E}.Release|Any CPU.ActiveCfg = Release|Any CPU
		{399EDA42-F19E-46EF-8FB2-B0129972255E}.Release|Any CPU.Build.0 = Release|Any CPU
		{399EDA42-F19E-46EF-8FB2-B0129972255E}.Release|x64.ActiveCfg = Release|x64
		{399EDA42-F19E-46EF-8FB2-B0129972255E}.Release|x64.Build.0 = Release|x64
		{D2E6A081-F284-4566-9B90-28420B7A90C5}.Debug|Any CPU.ActiveCfg = Debug|Any CPU
		{D2E6A081-F284-4566-9B90-28420B7A90C5}.Debug|Any CPU.Build.0 = Debug|Any CPU
		{D2E6A081-F284-4566-9B90-28420B7A90C5}.Debug|x64.ActiveCfg = Debug|x64
		{D2E6A081-F284-4566-9B90-28420B7A90C5}.Debug|x64.Build.0 = Debug|x64
		{D2E6A081-F284-4566-9B90-28420B7A90C5}.Release|Any CPU.ActiveCfg = Release|Any CPU
		{D2E6A081-F284-4566-9B90-28420B7A90C5}.Release|Any CPU.Build.0 = Release|Any CPU
		{D2E6A081-F284-4566-9B90-28420B7A90C5}.Release|x64.ActiveCfg = Release|x64
		{D2E6A081-F284-4566-9B90-28420B7A90C5}.Release|x64.Build.0 = Release|x64
		{B846B3CD-26A5-45F0-BC7A-92C0289E736A}.Debug|Any CPU.ActiveCfg = Debug|Any CPU
		{B846B3CD-26A5-45F0-BC7A-92C0289E736A}.Debug|Any CPU.Build.0 = Debug|Any CPU
		{B846B3CD-26A5-45F0-BC7A-92C0289E736A}.Debug|x64.ActiveCfg = Debug|x64
		{B846B3CD-26A5-45F0-BC7A-92C0289E736A}.Debug|x64.Build.0 = Debug|x64
		{B846B3CD-26A5-45F0-BC7A-92C0289E736A}.Release|Any CPU.ActiveCfg = Release|Any CPU
		{B846B3CD-26A5-45F0-BC7A-92C0289E736A}.Release|Any CPU.Build.0 = Release|Any CPU
		{B846B3CD-26A5-45F0-BC7A-92C0289E736A}.Release|x64.ActiveCfg = Release|x64
		{B846B3CD-26A5-45F0-BC7A-92C0289E736A}.Release|x64.Build.0 = Release|x64
		{11CEF78C-92F1-41DE-98AA-600F114A4963}.Debug|Any CPU.ActiveCfg = Debug|Any CPU
		{11CEF78C-92F1-41DE-98AA-600F114A4963}.Debug|Any CPU.Build.0 = Debug|Any CPU
		{11CEF78C-92F1-41DE-98AA-600F114A4963}.Debug|x64.ActiveCfg = Debug|x64
		{11CEF78C-92F1-41DE-98AA-600F114A4963}.Debug|x64.Build.0 = Debug|x64
		{11CEF78C-92F1-41DE-98AA-600F114A4963}.Release|Any CPU.ActiveCfg = Release|Any CPU
		{11CEF78C-92F1-41DE-98AA-600F114A4963}.Release|Any CPU.Build.0 = Release|Any CPU
		{11CEF78C-92F1-41DE-98AA-600F114A4963}.Release|x64.ActiveCfg = Release|x64
		{11CEF78C-92F1-41DE-98AA-600F114A4963}.Release|x64.Build.0 = Release|x64
		{71E0D937-52FB-4449-8214-14C76EFEF801}.Debug|Any CPU.ActiveCfg = Debug|Any CPU
		{71E0D937-52FB-4449-8214-14C76EFEF801}.Debug|Any CPU.Build.0 = Debug|Any CPU
		{71E0D937-52FB-4449-8214-14C76EFEF801}.Debug|x64.ActiveCfg = Debug|x64
		{71E0D937-52FB-4449-8214-14C76EFEF801}.Debug|x64.Build.0 = Debug|x64
		{71E0D937-52FB-4449-8214-14C76EFEF801}.Release|Any CPU.ActiveCfg = Release|Any CPU
		{71E0D937-52FB-4449-8214-14C76EFEF801}.Release|Any CPU.Build.0 = Release|Any CPU
		{71E0D937-52FB-4449-8214-14C76EFEF801}.Release|x64.ActiveCfg = Release|x64
		{71E0D937-52FB-4449-8214-14C76EFEF801}.Release|x64.Build.0 = Release|x64
		{A16E4D14-9866-422E-8515-D46A4F78D6AA}.Debug|Any CPU.ActiveCfg = Debug|Any CPU
		{A16E4D14-9866-422E-8515-D46A4F78D6AA}.Debug|Any CPU.Build.0 = Debug|Any CPU
		{A16E4D14-9866-422E-8515-D46A4F78D6AA}.Debug|x64.ActiveCfg = Debug|x64
		{A16E4D14-9866-422E-8515-D46A4F78D6AA}.Debug|x64.Build.0 = Debug|x64
		{A16E4D14-9866-422E-8515-D46A4F78D6AA}.Release|Any CPU.ActiveCfg = Release|Any CPU
		{A16E4D14-9866-422E-8515-D46A4F78D6AA}.Release|Any CPU.Build.0 = Release|Any CPU
		{A16E4D14-9866-422E-8515-D46A4F78D6AA}.Release|x64.ActiveCfg = Release|x64
		{A16E4D14-9866-422E-8515-D46A4F78D6AA}.Release|x64.Build.0 = Release|x64
		{A9ECE75A-E3FD-454D-B864-96204DB9A057}.Debug|Any CPU.ActiveCfg = Debug|Any CPU
		{A9ECE75A-E3FD-454D-B864-96204DB9A057}.Debug|Any CPU.Build.0 = Debug|Any CPU
		{A9ECE75A-E3FD-454D-B864-96204DB9A057}.Debug|x64.ActiveCfg = Debug|Any CPU
		{A9ECE75A-E3FD-454D-B864-96204DB9A057}.Debug|x64.Build.0 = Debug|Any CPU
		{A9ECE75A-E3FD-454D-B864-96204DB9A057}.Release|Any CPU.ActiveCfg = Release|Any CPU
		{A9ECE75A-E3FD-454D-B864-96204DB9A057}.Release|Any CPU.Build.0 = Release|Any CPU
		{A9ECE75A-E3FD-454D-B864-96204DB9A057}.Release|x64.ActiveCfg = Release|Any CPU
		{A9ECE75A-E3FD-454D-B864-96204DB9A057}.Release|x64.Build.0 = Release|Any CPU
	EndGlobalSection
	GlobalSection(SolutionProperties) = preSolution
		HideSolutionNode = FALSE
	EndGlobalSection
	GlobalSection(ExtensibilityGlobals) = postSolution
		SolutionGuid = {68206CD3-6CB7-4D54-836C-441DCC37E3FA}
	EndGlobalSection
EndGlobal
