
Microsoft Visual Studio Solution File, Format Version 12.00
# Visual Studio Version 16
VisualStudioVersion = 16.0.29403.142
MinimumVisualStudioVersion = 10.0.40219.1
Project("{FAE04EC0-301F-11D3-BF4B-00C04F79EFBC}") = "GraphComposerLib", "GraphComposerLib\GraphComposerLib.csproj", "{EBA1BC59-CBCB-4D70-A0D4-B5BE895C14FA}"
EndProject
Global
	GlobalSection(SolutionConfigurationPlatforms) = preSolution
		Debug|Any CPU = Debug|Any CPU
		Release|Any CPU = Release|Any CPU
	EndGlobalSection
	GlobalSection(ProjectConfigurationPlatforms) = postSolution
		{EBA1BC59-CBCB-4D70-A0D4-B5BE895C14FA}.Debug|Any CPU.ActiveCfg = Debug|Any CPU
		{EBA1BC59-CBCB-4D70-A0D4-B5BE895C14FA}.Debug|Any CPU.Build.0 = Debug|Any CPU
		{EBA1BC59-CBCB-4D70-A0D4-B5BE895C14FA}.Release|Any CPU.ActiveCfg = Release|Any CPU
		{EBA1BC59-CBCB-4D70-A0D4-B5BE895C14FA}.Release|Any CPU.Build.0 = Release|Any CPU
	EndGlobalSection
	GlobalSection(SolutionProperties) = preSolution
		HideSolutionNode = FALSE
	EndGlobalSection
	GlobalSection(ExtensibilityGlobals) = postSolution
		SolutionGuid = {49A3BE37-4B91-4057-8F5D-336F71296CE3}
	EndGlobalSection
EndGlobal
