
Microsoft Visual Studio Solution File, Format Version 12.00
# Visual Studio Version 16
VisualStudioVersion = 16.0.30320.27
MinimumVisualStudioVersion = 10.0.40219.1
Project("{FAE04EC0-301F-11D3-BF4B-00C04F79EFBC}") = "GeometryComposerLib", "GeometryComposerLib\GeometryComposerLib.csproj", "{8654325D-0259-4912-8071-66AF79A2DC23}"
EndProject
Project("{FAE04EC0-301F-11D3-BF4B-00C04F79EFBC}") = "GeometryComposerLibBenchmarks", "GeometryComposerLibBenchmarks\GeometryComposerLibBenchmarks.csproj", "{80E811A9-7A69-49D7-891F-F513998CE0C0}"
EndProject
Project("{9A19103F-16F7-4668-BE54-9A1E7A4F7556}") = "DataStructuresLib", "..\DataStructuresLib\DataStructuresLib\DataStructuresLib.csproj", "{90B908E7-175F-46CC-A10E-853BF08DF253}"
EndProject
Project("{9A19103F-16F7-4668-BE54-9A1E7A4F7556}") = "TextComposerLib", "..\TextComposerLib\TextComposerLib\TextComposerLib.csproj", "{4B69C8FE-624D-45B5-ACE7-2FF84340E603}"
EndProject
Project("{FAE04EC0-301F-11D3-BF4B-00C04F79EFBC}") = "GraphicsComposerLib", "..\GraphicsComposerLib\GraphicsComposerLib\GraphicsComposerLib.csproj", "{ACF030E2-D23A-4BAB-9306-A530D61075B8}"
EndProject
Project("{FAE04EC0-301F-11D3-BF4B-00C04F79EFBC}") = "MeshComposerLib", "..\MeshComposerLib\MeshComposerLib\MeshComposerLib.csproj", "{60E737EF-2CC2-4B18-981E-B9785D2FE52F}"
EndProject
Global
	GlobalSection(SolutionConfigurationPlatforms) = preSolution
		Debug|Any CPU = Debug|Any CPU
		Debug|x64 = Debug|x64
		Debug|x86 = Debug|x86
		Release|Any CPU = Release|Any CPU
		Release|x64 = Release|x64
		Release|x86 = Release|x86
	EndGlobalSection
	GlobalSection(ProjectConfigurationPlatforms) = postSolution
		{8654325D-0259-4912-8071-66AF79A2DC23}.Debug|Any CPU.ActiveCfg = Debug|Any CPU
		{8654325D-0259-4912-8071-66AF79A2DC23}.Debug|Any CPU.Build.0 = Debug|Any CPU
		{8654325D-0259-4912-8071-66AF79A2DC23}.Debug|x64.ActiveCfg = Debug|x64
		{8654325D-0259-4912-8071-66AF79A2DC23}.Debug|x64.Build.0 = Debug|x64
		{8654325D-0259-4912-8071-66AF79A2DC23}.Debug|x86.ActiveCfg = Debug|x86
		{8654325D-0259-4912-8071-66AF79A2DC23}.Debug|x86.Build.0 = Debug|x86
		{8654325D-0259-4912-8071-66AF79A2DC23}.Release|Any CPU.ActiveCfg = Release|Any CPU
		{8654325D-0259-4912-8071-66AF79A2DC23}.Release|Any CPU.Build.0 = Release|Any CPU
		{8654325D-0259-4912-8071-66AF79A2DC23}.Release|x64.ActiveCfg = Release|x64
		{8654325D-0259-4912-8071-66AF79A2DC23}.Release|x64.Build.0 = Release|x64
		{8654325D-0259-4912-8071-66AF79A2DC23}.Release|x86.ActiveCfg = Release|x86
		{8654325D-0259-4912-8071-66AF79A2DC23}.Release|x86.Build.0 = Release|x86
		{80E811A9-7A69-49D7-891F-F513998CE0C0}.Debug|Any CPU.ActiveCfg = Debug|Any CPU
		{80E811A9-7A69-49D7-891F-F513998CE0C0}.Debug|Any CPU.Build.0 = Debug|Any CPU
		{80E811A9-7A69-49D7-891F-F513998CE0C0}.Debug|x64.ActiveCfg = Debug|x64
		{80E811A9-7A69-49D7-891F-F513998CE0C0}.Debug|x64.Build.0 = Debug|x64
		{80E811A9-7A69-49D7-891F-F513998CE0C0}.Debug|x86.ActiveCfg = Debug|x86
		{80E811A9-7A69-49D7-891F-F513998CE0C0}.Debug|x86.Build.0 = Debug|x86
		{80E811A9-7A69-49D7-891F-F513998CE0C0}.Release|Any CPU.ActiveCfg = Release|Any CPU
		{80E811A9-7A69-49D7-891F-F513998CE0C0}.Release|Any CPU.Build.0 = Release|Any CPU
		{80E811A9-7A69-49D7-891F-F513998CE0C0}.Release|x64.ActiveCfg = Release|x64
		{80E811A9-7A69-49D7-891F-F513998CE0C0}.Release|x64.Build.0 = Release|x64
		{80E811A9-7A69-49D7-891F-F513998CE0C0}.Release|x86.ActiveCfg = Release|x86
		{80E811A9-7A69-49D7-891F-F513998CE0C0}.Release|x86.Build.0 = Release|x86
		{90B908E7-175F-46CC-A10E-853BF08DF253}.Debug|Any CPU.ActiveCfg = Debug|Any CPU
		{90B908E7-175F-46CC-A10E-853BF08DF253}.Debug|Any CPU.Build.0 = Debug|Any CPU
		{90B908E7-175F-46CC-A10E-853BF08DF253}.Debug|x64.ActiveCfg = Debug|x64
		{90B908E7-175F-46CC-A10E-853BF08DF253}.Debug|x64.Build.0 = Debug|x64
		{90B908E7-175F-46CC-A10E-853BF08DF253}.Debug|x86.ActiveCfg = Debug|Any CPU
		{90B908E7-175F-46CC-A10E-853BF08DF253}.Debug|x86.Build.0 = Debug|Any CPU
		{90B908E7-175F-46CC-A10E-853BF08DF253}.Release|Any CPU.ActiveCfg = Release|Any CPU
		{90B908E7-175F-46CC-A10E-853BF08DF253}.Release|Any CPU.Build.0 = Release|Any CPU
		{90B908E7-175F-46CC-A10E-853BF08DF253}.Release|x64.ActiveCfg = Release|x64
		{90B908E7-175F-46CC-A10E-853BF08DF253}.Release|x64.Build.0 = Release|x64
		{90B908E7-175F-46CC-A10E-853BF08DF253}.Release|x86.ActiveCfg = Release|Any CPU
		{90B908E7-175F-46CC-A10E-853BF08DF253}.Release|x86.Build.0 = Release|Any CPU
		{4B69C8FE-624D-45B5-ACE7-2FF84340E603}.Debug|Any CPU.ActiveCfg = Debug|Any CPU
		{4B69C8FE-624D-45B5-ACE7-2FF84340E603}.Debug|Any CPU.Build.0 = Debug|Any CPU
		{4B69C8FE-624D-45B5-ACE7-2FF84340E603}.Debug|x64.ActiveCfg = Debug|x64
		{4B69C8FE-624D-45B5-ACE7-2FF84340E603}.Debug|x64.Build.0 = Debug|x64
		{4B69C8FE-624D-45B5-ACE7-2FF84340E603}.Debug|x86.ActiveCfg = Debug|Any CPU
		{4B69C8FE-624D-45B5-ACE7-2FF84340E603}.Debug|x86.Build.0 = Debug|Any CPU
		{4B69C8FE-624D-45B5-ACE7-2FF84340E603}.Release|Any CPU.ActiveCfg = Release|Any CPU
		{4B69C8FE-624D-45B5-ACE7-2FF84340E603}.Release|Any CPU.Build.0 = Release|Any CPU
		{4B69C8FE-624D-45B5-ACE7-2FF84340E603}.Release|x64.ActiveCfg = Release|x64
		{4B69C8FE-624D-45B5-ACE7-2FF84340E603}.Release|x64.Build.0 = Release|x64
		{4B69C8FE-624D-45B5-ACE7-2FF84340E603}.Release|x86.ActiveCfg = Release|Any CPU
		{4B69C8FE-624D-45B5-ACE7-2FF84340E603}.Release|x86.Build.0 = Release|Any CPU
		{ACF030E2-D23A-4BAB-9306-A530D61075B8}.Debug|Any CPU.ActiveCfg = Debug|Any CPU
		{ACF030E2-D23A-4BAB-9306-A530D61075B8}.Debug|Any CPU.Build.0 = Debug|Any CPU
		{ACF030E2-D23A-4BAB-9306-A530D61075B8}.Debug|x64.ActiveCfg = Debug|x64
		{ACF030E2-D23A-4BAB-9306-A530D61075B8}.Debug|x64.Build.0 = Debug|x64
		{ACF030E2-D23A-4BAB-9306-A530D61075B8}.Debug|x86.ActiveCfg = Debug|x86
		{ACF030E2-D23A-4BAB-9306-A530D61075B8}.Debug|x86.Build.0 = Debug|x86
		{ACF030E2-D23A-4BAB-9306-A530D61075B8}.Release|Any CPU.ActiveCfg = Release|Any CPU
		{ACF030E2-D23A-4BAB-9306-A530D61075B8}.Release|Any CPU.Build.0 = Release|Any CPU
		{ACF030E2-D23A-4BAB-9306-A530D61075B8}.Release|x64.ActiveCfg = Release|x64
		{ACF030E2-D23A-4BAB-9306-A530D61075B8}.Release|x64.Build.0 = Release|x64
		{ACF030E2-D23A-4BAB-9306-A530D61075B8}.Release|x86.ActiveCfg = Release|x86
		{ACF030E2-D23A-4BAB-9306-A530D61075B8}.Release|x86.Build.0 = Release|x86
		{60E737EF-2CC2-4B18-981E-B9785D2FE52F}.Debug|Any CPU.ActiveCfg = Debug|Any CPU
		{60E737EF-2CC2-4B18-981E-B9785D2FE52F}.Debug|Any CPU.Build.0 = Debug|Any CPU
		{60E737EF-2CC2-4B18-981E-B9785D2FE52F}.Debug|x64.ActiveCfg = Debug|x64
		{60E737EF-2CC2-4B18-981E-B9785D2FE52F}.Debug|x64.Build.0 = Debug|x64
		{60E737EF-2CC2-4B18-981E-B9785D2FE52F}.Debug|x86.ActiveCfg = Debug|Any CPU
		{60E737EF-2CC2-4B18-981E-B9785D2FE52F}.Debug|x86.Build.0 = Debug|Any CPU
		{60E737EF-2CC2-4B18-981E-B9785D2FE52F}.Release|Any CPU.ActiveCfg = Release|Any CPU
		{60E737EF-2CC2-4B18-981E-B9785D2FE52F}.Release|Any CPU.Build.0 = Release|Any CPU
		{60E737EF-2CC2-4B18-981E-B9785D2FE52F}.Release|x64.ActiveCfg = Release|x64
		{60E737EF-2CC2-4B18-981E-B9785D2FE52F}.Release|x64.Build.0 = Release|x64
		{60E737EF-2CC2-4B18-981E-B9785D2FE52F}.Release|x86.ActiveCfg = Release|Any CPU
		{60E737EF-2CC2-4B18-981E-B9785D2FE52F}.Release|x86.Build.0 = Release|Any CPU
	EndGlobalSection
	GlobalSection(SolutionProperties) = preSolution
		HideSolutionNode = FALSE
	EndGlobalSection
	GlobalSection(ExtensibilityGlobals) = postSolution
		SolutionGuid = {3CC06398-ED70-494C-B73C-8A56528A0135}
	EndGlobalSection
EndGlobal
