
Microsoft Visual Studio Solution File, Format Version 12.00
# Visual Studio Version 16
VisualStudioVersion = 16.0.30406.217
MinimumVisualStudioVersion = 10.0.40219.1
Project("{FAE04EC0-301F-11D3-BF4B-00C04F79EFBC}") = "GeometricAlgebraStructuresLib", "GeometricAlgebraStructuresLib\GeometricAlgebraStructuresLib.csproj", "{BA7BD8CE-52D0-4E7A-A859-98F1DA740319}"
EndProject
Project("{FAE04EC0-301F-11D3-BF4B-00C04F79EFBC}") = "GeometricAlgebraStructuresLib.Samples", "GeometricAlgebraStructuresLib.Samples\GeometricAlgebraStructuresLib.Samples.csproj", "{7EAAB70B-C6DB-49F0-85FA-F8697D7A6019}"
EndProject
Global
	GlobalSection(SolutionConfigurationPlatforms) = preSolution
		Debug|Any CPU = Debug|Any CPU
		Release|Any CPU = Release|Any CPU
	EndGlobalSection
	GlobalSection(ProjectConfigurationPlatforms) = postSolution
		{BA7BD8CE-52D0-4E7A-A859-98F1DA740319}.Debug|Any CPU.ActiveCfg = Debug|Any CPU
		{BA7BD8CE-52D0-4E7A-A859-98F1DA740319}.Debug|Any CPU.Build.0 = Debug|Any CPU
		{BA7BD8CE-52D0-4E7A-A859-98F1DA740319}.Release|Any CPU.ActiveCfg = Release|Any CPU
		{BA7BD8CE-52D0-4E7A-A859-98F1DA740319}.Release|Any CPU.Build.0 = Release|Any CPU
		{7EAAB70B-C6DB-49F0-85FA-F8697D7A6019}.Debug|Any CPU.ActiveCfg = Debug|Any CPU
		{7EAAB70B-C6DB-49F0-85FA-F8697D7A6019}.Debug|Any CPU.Build.0 = Debug|Any CPU
		{7EAAB70B-C6DB-49F0-85FA-F8697D7A6019}.Release|Any CPU.ActiveCfg = Release|Any CPU
		{7EAAB70B-C6DB-49F0-85FA-F8697D7A6019}.Release|Any CPU.Build.0 = Release|Any CPU
	EndGlobalSection
	GlobalSection(SolutionProperties) = preSolution
		HideSolutionNode = FALSE
	EndGlobalSection
	GlobalSection(ExtensibilityGlobals) = postSolution
		SolutionGuid = {0D85BA01-E506-41C4-8FE6-6F14F3851E6C}
	EndGlobalSection
EndGlobal
