
Microsoft Visual Studio Solution File, Format Version 12.00
# Visual Studio Version 16
VisualStudioVersion = 16.0.31129.286
MinimumVisualStudioVersion = 10.0.40219.1
Project("{FAE04EC0-301F-11D3-BF4B-00C04F79EFBC}") = "GeometricAlgebraStructuresLib", "GeometricAlgebraStructuresLib\GeometricAlgebraStructuresLib.csproj", "{8A47346B-4F6B-429D-9C0F-038CF5E8A36E}"
EndProject
Project("{9A19103F-16F7-4668-BE54-9A1E7A4F7556}") = "DataStructuresLib", "..\DataStructuresLib\DataStructuresLib\DataStructuresLib.csproj", "{854CD062-4535-49AE-BD99-30E22DCB08E7}"
EndProject
Project("{FAE04EC0-301F-11D3-BF4B-00C04F79EFBC}") = "GeometricAlgebraStructuresLib.Samples", "GeometricAlgebraStructuresLib.Samples\GeometricAlgebraStructuresLib.Samples.csproj", "{708E8123-E213-41F6-AD5D-9D28A4E5962C}"
EndProject
Global
	GlobalSection(SolutionConfigurationPlatforms) = preSolution
		Debug|Any CPU = Debug|Any CPU
		Debug|x64 = Debug|x64
		Release|Any CPU = Release|Any CPU
		Release|x64 = Release|x64
	EndGlobalSection
	GlobalSection(ProjectConfigurationPlatforms) = postSolution
		{8A47346B-4F6B-429D-9C0F-038CF5E8A36E}.Debug|Any CPU.ActiveCfg = Debug|Any CPU
		{8A47346B-4F6B-429D-9C0F-038CF5E8A36E}.Debug|Any CPU.Build.0 = Debug|Any CPU
		{8A47346B-4F6B-429D-9C0F-038CF5E8A36E}.Debug|x64.ActiveCfg = Debug|Any CPU
		{8A47346B-4F6B-429D-9C0F-038CF5E8A36E}.Debug|x64.Build.0 = Debug|Any CPU
		{8A47346B-4F6B-429D-9C0F-038CF5E8A36E}.Release|Any CPU.ActiveCfg = Release|Any CPU
		{8A47346B-4F6B-429D-9C0F-038CF5E8A36E}.Release|Any CPU.Build.0 = Release|Any CPU
		{8A47346B-4F6B-429D-9C0F-038CF5E8A36E}.Release|x64.ActiveCfg = Release|Any CPU
		{8A47346B-4F6B-429D-9C0F-038CF5E8A36E}.Release|x64.Build.0 = Release|Any CPU
		{854CD062-4535-49AE-BD99-30E22DCB08E7}.Debug|Any CPU.ActiveCfg = Debug|Any CPU
		{854CD062-4535-49AE-BD99-30E22DCB08E7}.Debug|Any CPU.Build.0 = Debug|Any CPU
		{854CD062-4535-49AE-BD99-30E22DCB08E7}.Debug|x64.ActiveCfg = Debug|x64
		{854CD062-4535-49AE-BD99-30E22DCB08E7}.Debug|x64.Build.0 = Debug|x64
		{854CD062-4535-49AE-BD99-30E22DCB08E7}.Release|Any CPU.ActiveCfg = Release|Any CPU
		{854CD062-4535-49AE-BD99-30E22DCB08E7}.Release|Any CPU.Build.0 = Release|Any CPU
		{854CD062-4535-49AE-BD99-30E22DCB08E7}.Release|x64.ActiveCfg = Release|x64
		{854CD062-4535-49AE-BD99-30E22DCB08E7}.Release|x64.Build.0 = Release|x64
		{708E8123-E213-41F6-AD5D-9D28A4E5962C}.Debug|Any CPU.ActiveCfg = Debug|Any CPU
		{708E8123-E213-41F6-AD5D-9D28A4E5962C}.Debug|Any CPU.Build.0 = Debug|Any CPU
		{708E8123-E213-41F6-AD5D-9D28A4E5962C}.Debug|x64.ActiveCfg = Debug|Any CPU
		{708E8123-E213-41F6-AD5D-9D28A4E5962C}.Debug|x64.Build.0 = Debug|Any CPU
		{708E8123-E213-41F6-AD5D-9D28A4E5962C}.Release|Any CPU.ActiveCfg = Release|Any CPU
		{708E8123-E213-41F6-AD5D-9D28A4E5962C}.Release|Any CPU.Build.0 = Release|Any CPU
		{708E8123-E213-41F6-AD5D-9D28A4E5962C}.Release|x64.ActiveCfg = Release|Any CPU
		{708E8123-E213-41F6-AD5D-9D28A4E5962C}.Release|x64.Build.0 = Release|Any CPU
	EndGlobalSection
	GlobalSection(SolutionProperties) = preSolution
		HideSolutionNode = FALSE
	EndGlobalSection
	GlobalSection(ExtensibilityGlobals) = postSolution
		SolutionGuid = {4C19B0EA-0DE8-4303-8660-E1B6C402A8AD}
	EndGlobalSection
EndGlobal
